
Microsoft Visual Studio Solution File, Format Version 12.00
# Visual Studio Version 16
VisualStudioVersion = 16.0.33529.622
MinimumVisualStudioVersion = 10.0.40219.1
Project("{FAE04EC0-301F-11D3-BF4B-00C04F79EFBC}") = "BehaviorTree", "BehaviorTree\BehaviorTree.csproj", "{1FCBE0BC-CEE0-498F-8E5B-CA1884DDBC0D}"
EndProject
Project("{FAE04EC0-301F-11D3-BF4B-00C04F79EFBC}") = "Examples", "Examples\Examples.csproj", "{6ABA8667-F2D2-4B3F-A847-B10915BB5DB5}"
EndProject
Project("{FAE04EC0-301F-11D3-BF4B-00C04F79EFBC}") = "Tests", "Tests\Tests.csproj", "{2BA6D29C-0B7C-4B6B-822D-62B1B2D34497}"
EndProject
Global
	GlobalSection(SolutionConfigurationPlatforms) = preSolution
		Debug|Any CPU = Debug|Any CPU
		Release|Any CPU = Release|Any CPU
	EndGlobalSection
	GlobalSection(ProjectConfigurationPlatforms) = postSolution
		{1FCBE0BC-CEE0-498F-8E5B-CA1884DDBC0D}.Debug|Any CPU.ActiveCfg = Debug|Any CPU
		{1FCBE0BC-CEE0-498F-8E5B-CA1884DDBC0D}.Debug|Any CPU.Build.0 = Debug|Any CPU
		{1FCBE0BC-CEE0-498F-8E5B-CA1884DDBC0D}.Release|Any CPU.ActiveCfg = Release|Any CPU
		{1FCBE0BC-CEE0-498F-8E5B-CA1884DDBC0D}.Release|Any CPU.Build.0 = Release|Any CPU
		{6ABA8667-F2D2-4B3F-A847-B10915BB5DB5}.Debug|Any CPU.ActiveCfg = Debug|Any CPU
		{6ABA8667-F2D2-4B3F-A847-B10915BB5DB5}.Debug|Any CPU.Build.0 = Debug|Any CPU
		{6ABA8667-F2D2-4B3F-A847-B10915BB5DB5}.Release|Any CPU.ActiveCfg = Release|Any CPU
		{6ABA8667-F2D2-4B3F-A847-B10915BB5DB5}.Release|Any CPU.Build.0 = Release|Any CPU
		{2BA6D29C-0B7C-4B6B-822D-62B1B2D34497}.Debug|Any CPU.ActiveCfg = Debug|Any CPU
		{2BA6D29C-0B7C-4B6B-822D-62B1B2D34497}.Debug|Any CPU.Build.0 = Debug|Any CPU
		{2BA6D29C-0B7C-4B6B-822D-62B1B2D34497}.Release|Any CPU.ActiveCfg = Release|Any CPU
		{2BA6D29C-0B7C-4B6B-822D-62B1B2D34497}.Release|Any CPU.Build.0 = Release|Any CPU
	EndGlobalSection
	GlobalSection(SolutionProperties) = preSolution
		HideSolutionNode = FALSE
	EndGlobalSection
	GlobalSection(ExtensibilityGlobals) = postSolution
		SolutionGuid = {D8B46328-12F8-47E2-98E2-2607BD4D7352}
	EndGlobalSection
EndGlobal
